
Microsoft Visual Studio Solution File, Format Version 12.00
Project("{FAE04EC0-301F-11D3-BF4B-00C04F79EFBC}") = "Niobium", "Niobium\Niobium.csproj", "{AC717169-D7B2-4E6A-81E0-547272345E20}"
EndProject
Project("{FAE04EC0-301F-11D3-BF4B-00C04F79EFBC}") = "Repl", "Repl\Repl.csproj", "{6D2B4648-D1BA-4EBA-A617-7C3DF64201A3}"
EndProject
Project("{FAE04EC0-301F-11D3-BF4B-00C04F79EFBC}") = "Utilities", "Utilities\Utilities.csproj", "{60D645F5-A566-4C23-8A36-949DB6A1D43E}"
EndProject
Project("{FAE04EC0-301F-11D3-BF4B-00C04F79EFBC}") = "LanguageCore", "LanguageCore\LanguageCore.csproj", "{EACFB61C-2C66-4337-BC19-4FB0E80B71ED}"
EndProject
Project("{FAE04EC0-301F-11D3-BF4B-00C04F79EFBC}") = "LanguageCore.Tests", "LanguageCore.Tests\LanguageCore.Tests.csproj", "{BF83CBDA-980B-4123-A436-9E753CF1896E}"
EndProject
Global
	GlobalSection(SolutionConfigurationPlatforms) = preSolution
		Debug|Any CPU = Debug|Any CPU
		Release|Any CPU = Release|Any CPU
	EndGlobalSection
	GlobalSection(ProjectConfigurationPlatforms) = postSolution
		{AC717169-D7B2-4E6A-81E0-547272345E20}.Debug|Any CPU.ActiveCfg = Debug|Any CPU
		{AC717169-D7B2-4E6A-81E0-547272345E20}.Debug|Any CPU.Build.0 = Debug|Any CPU
		{AC717169-D7B2-4E6A-81E0-547272345E20}.Release|Any CPU.ActiveCfg = Release|Any CPU
		{AC717169-D7B2-4E6A-81E0-547272345E20}.Release|Any CPU.Build.0 = Release|Any CPU
		{6D2B4648-D1BA-4EBA-A617-7C3DF64201A3}.Debug|Any CPU.ActiveCfg = Debug|Any CPU
		{6D2B4648-D1BA-4EBA-A617-7C3DF64201A3}.Debug|Any CPU.Build.0 = Debug|Any CPU
		{6D2B4648-D1BA-4EBA-A617-7C3DF64201A3}.Release|Any CPU.ActiveCfg = Release|Any CPU
		{6D2B4648-D1BA-4EBA-A617-7C3DF64201A3}.Release|Any CPU.Build.0 = Release|Any CPU
		{60D645F5-A566-4C23-8A36-949DB6A1D43E}.Debug|Any CPU.ActiveCfg = Debug|Any CPU
		{60D645F5-A566-4C23-8A36-949DB6A1D43E}.Debug|Any CPU.Build.0 = Debug|Any CPU
		{60D645F5-A566-4C23-8A36-949DB6A1D43E}.Release|Any CPU.ActiveCfg = Release|Any CPU
		{60D645F5-A566-4C23-8A36-949DB6A1D43E}.Release|Any CPU.Build.0 = Release|Any CPU
		{EACFB61C-2C66-4337-BC19-4FB0E80B71ED}.Debug|Any CPU.ActiveCfg = Debug|Any CPU
		{EACFB61C-2C66-4337-BC19-4FB0E80B71ED}.Debug|Any CPU.Build.0 = Debug|Any CPU
		{EACFB61C-2C66-4337-BC19-4FB0E80B71ED}.Release|Any CPU.ActiveCfg = Release|Any CPU
		{EACFB61C-2C66-4337-BC19-4FB0E80B71ED}.Release|Any CPU.Build.0 = Release|Any CPU
		{BF83CBDA-980B-4123-A436-9E753CF1896E}.Debug|Any CPU.ActiveCfg = Debug|Any CPU
		{BF83CBDA-980B-4123-A436-9E753CF1896E}.Debug|Any CPU.Build.0 = Debug|Any CPU
		{BF83CBDA-980B-4123-A436-9E753CF1896E}.Release|Any CPU.ActiveCfg = Release|Any CPU
		{BF83CBDA-980B-4123-A436-9E753CF1896E}.Release|Any CPU.Build.0 = Release|Any CPU
	EndGlobalSection
EndGlobal
